
Microsoft Visual Studio Solution File, Format Version 12.00
# Visual Studio 15
VisualStudioVersion = 15.0.28010.2036
MinimumVisualStudioVersion = 10.0.40219.1
Project("{FAE04EC0-301F-11D3-BF4B-00C04F79EFBC}") = "HeritageEntityFramework", "HeritageEntityFramework\HeritageEntityFramework.csproj", "{AC5BAF34-3A4A-44A0-8EEF-FB0AA4B8EFF7}"
EndProject
Global
	GlobalSection(SolutionConfigurationPlatforms) = preSolution
		Debug|Any CPU = Debug|Any CPU
		Release|Any CPU = Release|Any CPU
	EndGlobalSection
	GlobalSection(ProjectConfigurationPlatforms) = postSolution
		{AC5BAF34-3A4A-44A0-8EEF-FB0AA4B8EFF7}.Debug|Any CPU.ActiveCfg = Debug|Any CPU
		{AC5BAF34-3A4A-44A0-8EEF-FB0AA4B8EFF7}.Debug|Any CPU.Build.0 = Debug|Any CPU
		{AC5BAF34-3A4A-44A0-8EEF-FB0AA4B8EFF7}.Release|Any CPU.ActiveCfg = Release|Any CPU
		{AC5BAF34-3A4A-44A0-8EEF-FB0AA4B8EFF7}.Release|Any CPU.Build.0 = Release|Any CPU
	EndGlobalSection
	GlobalSection(SolutionProperties) = preSolution
		HideSolutionNode = FALSE
	EndGlobalSection
	GlobalSection(ExtensibilityGlobals) = postSolution
		SolutionGuid = {E65FE6C7-80BD-468B-9457-6FC3DD929C01}
	EndGlobalSection
EndGlobal
